{
  "name": "yes",
  "version": "1.0.0",
  "lockfileVersion": 1,
  "requires": true,
  "dependencies": {
    "node-opencv": {
      "version": "0.0.2-security",
      "resolved": "https://registry.npmjs.org/node-opencv/-/node-opencv-0.0.2-security.tgz",
      "integrity": "sha512-fJP1Eosq85ONyhHawEdgvs3LzltCbA2YbGL7f2TyjsiTklrkQ6JH+moAKeW+pdLgCuJipf498qXFCrEMDlpi4A=="
    }
  }
}
